// !$*UTF8*$!
{
	archiveVersion = 1;
	classes = {
	};
	objectVersion = 46;
	objects = {

/* Begin PBXBuildFile section */
		A1F7145D15EF46590096817D /* UIKit.framework in Frameworks */ = {isa = PBXBuildFile; fileRef = A1F7145C15EF46590096817D /* UIKit.framework */; };
		A1F7145F15EF46590096817D /* Foundation.framework in Frameworks */ = {isa = PBXBuildFile; fileRef = A1F7145E15EF46590096817D /* Foundation.framework */; };
		A1F7146115EF46590096817D /* CoreGraphics.framework in Frameworks */ = {isa = PBXBuildFile; fileRef = A1F7146015EF46590096817D /* CoreGraphics.framework */; };
		A1F7146715EF46590096817D /* InfoPlist.strings in Resources */ = {isa = PBXBuildFile; fileRef = A1F7146515EF46590096817D /* InfoPlist.strings */; };
		A1F7146915EF465A0096817D /* main.m in Sources */ = {isa = PBXBuildFile; fileRef = A1F7146815EF465A0096817D /* main.m */; };
		A1F7146D15EF465A0096817D /* AppDelegate.m in Sources */ = {isa = PBXBuildFile; fileRef = A1F7146C15EF465A0096817D /* AppDelegate.m */; };
		A1F7147015EF465A0096817D /* ViewController.m in Sources */ = {isa = PBXBuildFile; fileRef = A1F7146F15EF465A0096817D /* ViewController.m */; };
		A1F7147315EF465A0096817D /* ViewController.xib in Resources */ = {isa = PBXBuildFile; fileRef = A1F7147115EF465A0096817D /* ViewController.xib */; };
		A1F7147B15EF465E0096817D /* SenTestingKit.framework in Frameworks */ = {isa = PBXBuildFile; fileRef = A1F7147A15EF465E0096817D /* SenTestingKit.framework */; };
		A1F7147C15EF465E0096817D /* UIKit.framework in Frameworks */ = {isa = PBXBuildFile; fileRef = A1F7145C15EF46590096817D /* UIKit.framework */; };
		A1F7147D15EF465E0096817D /* Foundation.framework in Frameworks */ = {isa = PBXBuildFile; fileRef = A1F7145E15EF46590096817D /* Foundation.framework */; };
		A1F7148515EF465E0096817D /* InfoPlist.strings in Resources */ = {isa = PBXBuildFile; fileRef = A1F7148315EF465E0096817D /* InfoPlist.strings */; };
		A1F7148815EF465E0096817D /* Photomo1Tests.m in Sources */ = {isa = PBXBuildFile; fileRef = A1F7148715EF465E0096817D /* Photomo1Tests.m */; };
/* End PBXBuildFile section */

/* Begin PBXContainerItemProxy section */
		A1F7147E15EF465E0096817D /* PBXContainerItemProxy */ = {
			isa = PBXContainerItemProxy;
			containerPortal = A1F7144F15EF46580096817D /* Project object */;
			proxyType = 1;
			remoteGlobalIDString = A1F7145715EF46590096817D;
			remoteInfo = Photomo1;
		};
/* End PBXContainerItemProxy section */

/* Begin PBXFileReference section */
		A1F7145815EF46590096817D /* Photomo1.app */ = {isa = PBXFileReference; explicitFileType = wrapper.application; includeInIndex = 0; path = Photomo1.app; sourceTree = BUILT_PRODUCTS_DIR; };
		A1F7145C15EF46590096817D /* UIKit.framework */ = {isa = PBXFileReference; lastKnownFileType = wrapper.framework; name = UIKit.framework; path = System/Library/Frameworks/UIKit.framework; sourceTree = SDKROOT; };
		A1F7145E15EF46590096817D /* Foundation.framework */ = {isa = PBXFileReference; lastKnownFileType = wrapper.framework; name = Foundation.framework; path = System/Library/Frameworks/Foundation.framework; sourceTree = SDKROOT; };
		A1F7146015EF46590096817D /* CoreGraphics.framework */ = {isa = PBXFileReference; lastKnownFileType = wrapper.framework; name = CoreGraphics.framework; path = System/Library/Frameworks/CoreGraphics.framework; sourceTree = SDKROOT; };
		A1F7146415EF46590096817D /* Photomo1-Info.plist */ = {isa = PBXFileReference; lastKnownFileType = text.plist.xml; path = "Photomo1-Info.plist"; sourceTree = "<group>"; };
		A1F7146615EF46590096817D /* en */ = {isa = PBXFileReference; lastKnownFileType = text.plist.strings; name = en; path = en.lproj/InfoPlist.strings; sourceTree = "<group>"; };
		A1F7146815EF465A0096817D /* main.m */ = {isa = PBXFileReference; lastKnownFileType = sourcecode.c.objc; path = main.m; sourceTree = "<group>"; };
		A1F7146A15EF465A0096817D /* Photomo1-Prefix.pch */ = {isa = PBXFileReference; lastKnownFileType = sourcecode.c.h; path = "Photomo1-Prefix.pch"; sourceTree = "<group>"; };
		A1F7146B15EF465A0096817D /* AppDelegate.h */ = {isa = PBXFileReference; lastKnownFileType = sourcecode.c.h; path = AppDelegate.h; sourceTree = "<group>"; };
		A1F7146C15EF465A0096817D /* AppDelegate.m */ = {isa = PBXFileReference; lastKnownFileType = sourcecode.c.objc; path = AppDelegate.m; sourceTree = "<group>"; };
		A1F7146E15EF465A0096817D /* ViewController.h */ = {isa = PBXFileReference; lastKnownFileType = sourcecode.c.h; path = ViewController.h; sourceTree = "<group>"; };
		A1F7146F15EF465A0096817D /* ViewController.m */ = {isa = PBXFileReference; lastKnownFileType = sourcecode.c.objc; path = ViewController.m; sourceTree = "<group>"; };
		A1F7147215EF465A0096817D /* en */ = {isa = PBXFileReference; lastKnownFileType = file.xib; name = en; path = en.lproj/ViewController.xib; sourceTree = "<group>"; };
		A1F7147915EF465E0096817D /* Photomo1Tests.octest */ = {isa = PBXFileReference; explicitFileType = wrapper.cfbundle; includeInIndex = 0; path = Photomo1Tests.octest; sourceTree = BUILT_PRODUCTS_DIR; };
		A1F7147A15EF465E0096817D /* SenTestingKit.framework */ = {isa = PBXFileReference; lastKnownFileType = wrapper.framework; name = SenTestingKit.framework; path = Library/Frameworks/SenTestingKit.framework; sourceTree = DEVELOPER_DIR; };
		A1F7148215EF465E0096817D /* Photomo1Tests-Info.plist */ = {isa = PBXFileReference; lastKnownFileType = text.plist.xml; path = "Photomo1Tests-Info.plist"; sourceTree = "<group>"; };
		A1F7148415EF465E0096817D /* en */ = {isa = PBXFileReference; lastKnownFileType = text.plist.strings; name = en; path = en.lproj/InfoPlist.strings; sourceTree = "<group>"; };
		A1F7148615EF465E0096817D /* Photomo1Tests.h */ = {isa = PBXFileReference; lastKnownFileType = sourcecode.c.h; path = Photomo1Tests.h; sourceTree = "<group>"; };
		A1F7148715EF465E0096817D /* Photomo1Tests.m */ = {isa = PBXFileReference; lastKnownFileType = sourcecode.c.objc; path = Photomo1Tests.m; sourceTree = "<group>"; };
/* End PBXFileReference section */

/* Begin PBXFrameworksBuildPhase section */
		A1F7145515EF46590096817D /* Frameworks */ = {
			isa = PBXFrameworksBuildPhase;
			buildActionMask = 2147483647;
			files = (
				A1F7145D15EF46590096817D /* UIKit.framework in Frameworks */,
				A1F7145F15EF46590096817D /* Foundation.framework in Frameworks */,
				A1F7146115EF46590096817D /* CoreGraphics.framework in Frameworks */,
			);
			runOnlyForDeploymentPostprocessing = 0;
		};
		A1F7147515EF465D0096817D /* Frameworks */ = {
			isa = PBXFrameworksBuildPhase;
			buildActionMask = 2147483647;
			files = (
				A1F7147B15EF465E0096817D /* SenTestingKit.framework in Frameworks */,
				A1F7147C15EF465E0096817D /* UIKit.framework in Frameworks */,
				A1F7147D15EF465E0096817D /* Foundation.framework in Frameworks */,
			);
			runOnlyForDeploymentPostprocessing = 0;
		};
/* End PBXFrameworksBuildPhase section */

/* Begin PBXGroup section */
		A1F7144D15EF46580096817D = {
			isa = PBXGroup;
			children = (
				A1F7146215EF46590096817D /* Photomo1 */,
				A1F7148015EF465E0096817D /* Photomo1Tests */,
				A1F7145B15EF46590096817D /* Frameworks */,
				A1F7145915EF46590096817D /* Products */,
			);
			sourceTree = "<group>";
		};
		A1F7145915EF46590096817D /* Products */ = {
			isa = PBXGroup;
			children = (
				A1F7145815EF46590096817D /* Photomo1.app */,
				A1F7147915EF465E0096817D /* Photomo1Tests.octest */,
			);
			name = Products;
			sourceTree = "<group>";
		};
		A1F7145B15EF46590096817D /* Frameworks */ = {
			isa = PBXGroup;
			children = (
				A1F7145C15EF46590096817D /* UIKit.framework */,
				A1F7145E15EF46590096817D /* Foundation.framework */,
				A1F7146015EF46590096817D /* CoreGraphics.framework */,
				A1F7147A15EF465E0096817D /* SenTestingKit.framework */,
			);
			name = Frameworks;
			sourceTree = "<group>";
		};
		A1F7146215EF46590096817D /* Photomo1 */ = {
			isa = PBXGroup;
			children = (
				A1F7146B15EF465A0096817D /* AppDelegate.h */,
				A1F7146C15EF465A0096817D /* AppDelegate.m */,
				A1F7146E15EF465A0096817D /* ViewController.h */,
				A1F7146F15EF465A0096817D /* ViewController.m */,
				A1F7147115EF465A0096817D /* ViewController.xib */,
				A1F7146315EF46590096817D /* Supporting Files */,
			);
			path = Photomo1;
			sourceTree = "<group>";
		};
		A1F7146315EF46590096817D /* Supporting Files */ = {
			isa = PBXGroup;
			children = (
				A1F7146415EF46590096817D /* Photomo1-Info.plist */,
				A1F7146515EF46590096817D /* InfoPlist.strings */,
				A1F7146815EF465A0096817D /* main.m */,
				A1F7146A15EF465A0096817D /* Photomo1-Prefix.pch */,
			);
			name = "Supporting Files";
			sourceTree = "<group>";
		};
		A1F7148015EF465E0096817D /* Photomo1Tests */ = {
			isa = PBXGroup;
			children = (
				A1F7148615EF465E0096817D /* Photomo1Tests.h */,
				A1F7148715EF465E0096817D /* Photomo1Tests.m */,
				A1F7148115EF465E0096817D /* Supporting Files */,
			);
			path = Photomo1Tests;
			sourceTree = "<group>";
		};
		A1F7148115EF465E0096817D /* Supporting Files */ = {
			isa = PBXGroup;
			children = (
				A1F7148215EF465E0096817D /* Photomo1Tests-Info.plist */,
				A1F7148315EF465E0096817D /* InfoPlist.strings */,
			);
			name = "Supporting Files";
			sourceTree = "<group>";
		};
/* End PBXGroup section */

/* Begin PBXNativeTarget section */
		A1F7145715EF46590096817D /* Photomo1 */ = {
			isa = PBXNativeTarget;
			buildConfigurationList = A1F7148B15EF465E0096817D /* Build configuration list for PBXNativeTarget "Photomo1" */;
			buildPhases = (
				A1F7145415EF46590096817D /* Sources */,
				A1F7145515EF46590096817D /* Frameworks */,
				A1F7145615EF46590096817D /* Resources */,
			);
			buildRules = (
			);
			dependencies = (
			);
			name = Photomo1;
			productName = Photomo1;
			productReference = A1F7145815EF46590096817D /* Photomo1.app */;
			productType = "com.apple.product-type.application";
		};
		A1F7147815EF465D0096817D /* Photomo1Tests */ = {
			isa = PBXNativeTarget;
			buildConfigurationList = A1F7148E15EF465E0096817D /* Build configuration list for PBXNativeTarget "Photomo1Tests" */;
			buildPhases = (
				A1F7147415EF465D0096817D /* Sources */,
				A1F7147515EF465D0096817D /* Frameworks */,
				A1F7147615EF465D0096817D /* Resources */,
				A1F7147715EF465D0096817D /* ShellScript */,
			);
			buildRules = (
			);
			dependencies = (
				A1F7147F15EF465E0096817D /* PBXTargetDependency */,
			);
			name = Photomo1Tests;
			productName = Photomo1Tests;
			productReference = A1F7147915EF465E0096817D /* Photomo1Tests.octest */;
			productType = "com.apple.product-type.bundle";
		};
/* End PBXNativeTarget section */

/* Begin PBXProject section */
		A1F7144F15EF46580096817D /* Project object */ = {
			isa = PBXProject;
			attributes = {
				LastUpgradeCheck = 0440;
				ORGANIZATIONNAME = CyberAgent;
			};
			buildConfigurationList = A1F7145215EF46580096817D /* Build configuration list for PBXProject "Photomo1" */;
			compatibilityVersion = "Xcode 3.2";
			developmentRegion = English;
			hasScannedForEncodings = 0;
			knownRegions = (
				en,
			);
			mainGroup = A1F7144D15EF46580096817D;
			productRefGroup = A1F7145915EF46590096817D /* Products */;
			projectDirPath = "";
			projectRoot = "";
			targets = (
				A1F7145715EF46590096817D /* Photomo1 */,
				A1F7147815EF465D0096817D /* Photomo1Tests */,
			);
		};
/* End PBXProject section */

/* Begin PBXResourcesBuildPhase section */
		A1F7145615EF46590096817D /* Resources */ = {
			isa = PBXResourcesBuildPhase;
			buildActionMask = 2147483647;
			files = (
				A1F7146715EF46590096817D /* InfoPlist.strings in Resources */,
				A1F7147315EF465A0096817D /* ViewController.xib in Resources */,
			);
			runOnlyForDeploymentPostprocessing = 0;
		};
		A1F7147615EF465D0096817D /* Resources */ = {
			isa = PBXResourcesBuildPhase;
			buildActionMask = 2147483647;
			files = (
				A1F7148515EF465E0096817D /* InfoPlist.strings in Resources */,
			);
			runOnlyForDeploymentPostprocessing = 0;
		};
/* End PBXResourcesBuildPhase section */

/* Begin PBXShellScriptBuildPhase section */
		A1F7147715EF465D0096817D /* ShellScript */ = {
			isa = PBXShellScriptBuildPhase;
			buildActionMask = 2147483647;
			files = (
			);
			inputPaths = (
			);
			outputPaths = (
			);
			runOnlyForDeploymentPostprocessing = 0;
			shellPath = /bin/sh;
			shellScript = "# Run the unit tests in this test bundle.\n\"${SYSTEM_DEVELOPER_DIR}/Tools/RunUnitTests\"\n";
		};
/* End PBXShellScriptBuildPhase section */

/* Begin PBXSourcesBuildPhase section */
		A1F7145415EF46590096817D /* Sources */ = {
			isa = PBXSourcesBuildPhase;
			buildActionMask = 2147483647;
			files = (
				A1F7146915EF465A0096817D /* main.m in Sources */,
				A1F7146D15EF465A0096817D /* AppDelegate.m in Sources */,
				A1F7147015EF465A0096817D /* ViewController.m in Sources */,
			);
			runOnlyForDeploymentPostprocessing = 0;
		};
		A1F7147415EF465D0096817D /* Sources */ = {
			isa = PBXSourcesBuildPhase;
			buildActionMask = 2147483647;
			files = (
				A1F7148815EF465E0096817D /* Photomo1Tests.m in Sources */,
			);
			runOnlyForDeploymentPostprocessing = 0;
		};
/* End PBXSourcesBuildPhase section */

/* Begin PBXTargetDependency section */
		A1F7147F15EF465E0096817D /* PBXTargetDependency */ = {
			isa = PBXTargetDependency;
			target = A1F7145715EF46590096817D /* Photomo1 */;
			targetProxy = A1F7147E15EF465E0096817D /* PBXContainerItemProxy */;
		};
/* End PBXTargetDependency section */

/* Begin PBXVariantGroup section */
		A1F7146515EF46590096817D /* InfoPlist.strings */ = {
			isa = PBXVariantGroup;
			children = (
				A1F7146615EF46590096817D /* en */,
			);
			name = InfoPlist.strings;
			sourceTree = "<group>";
		};
		A1F7147115EF465A0096817D /* ViewController.xib */ = {
			isa = PBXVariantGroup;
			children = (
				A1F7147215EF465A0096817D /* en */,
			);
			name = ViewController.xib;
			sourceTree = "<group>";
		};
		A1F7148315EF465E0096817D /* InfoPlist.strings */ = {
			isa = PBXVariantGroup;
			children = (
				A1F7148415EF465E0096817D /* en */,
			);
			name = InfoPlist.strings;
			sourceTree = "<group>";
		};
/* End PBXVariantGroup section */

/* Begin XCBuildConfiguration section */
		A1F7148915EF465E0096817D /* Debug */ = {
			isa = XCBuildConfiguration;
			buildSettings = {
				ALWAYS_SEARCH_USER_PATHS = NO;
				ARCHS = "$(ARCHS_STANDARD_32_BIT)";
				CLANG_CXX_LANGUAGE_STANDARD = "gnu++0x";
				CLANG_ENABLE_OBJC_ARC = YES;
				CLANG_WARN__DUPLICATE_METHOD_MATCH = YES;
				"CODE_SIGN_IDENTITY[sdk=iphoneos*]" = "iPhone Developer";
				COPY_PHASE_STRIP = NO;
				GCC_C_LANGUAGE_STANDARD = gnu99;
				GCC_DYNAMIC_NO_PIC = NO;
				GCC_OPTIMIZATION_LEVEL = 0;
				GCC_PREPROCESSOR_DEFINITIONS = (
					"DEBUG=1",
					"$(inherited)",
				);
				GCC_SYMBOLS_PRIVATE_EXTERN = NO;
				GCC_VERSION = com.apple.compilers.llvm.clang.1_0;
				GCC_WARN_ABOUT_RETURN_TYPE = YES;
				GCC_WARN_UNINITIALIZED_AUTOS = YES;
				GCC_WARN_UNUSED_VARIABLE = YES;
				IPHONEOS_DEPLOYMENT_TARGET = 5.1;
				SDKROOT = iphoneos;
			};
			name = Debug;
		};
		A1F7148A15EF465E0096817D /* Release */ = {
			isa = XCBuildConfiguration;
			buildSettings = {
				ALWAYS_SEARCH_USER_PATHS = NO;
				ARCHS = "$(ARCHS_STANDARD_32_BIT)";
				CLANG_CXX_LANGUAGE_STANDARD = "gnu++0x";
				CLANG_ENABLE_OBJC_ARC = YES;
				CLANG_WARN__DUPLICATE_METHOD_MATCH = YES;
				"CODE_SIGN_IDENTITY[sdk=iphoneos*]" = "iPhone Developer";
				COPY_PHASE_STRIP = YES;
				GCC_C_LANGUAGE_STANDARD = gnu99;
				GCC_VERSION = com.apple.compilers.llvm.clang.1_0;
				GCC_WARN_ABOUT_RETURN_TYPE = YES;
				GCC_WARN_UNINITIALIZED_AUTOS = YES;
				GCC_WARN_UNUSED_VARIABLE = YES;
				IPHONEOS_DEPLOYMENT_TARGET = 5.1;
				OTHER_CFLAGS = "-DNS_BLOCK_ASSERTIONS=1";
				SDKROOT = iphoneos;
				VALIDATE_PRODUCT = YES;
			};
			name = Release;
		};
		A1F7148C15EF465E0096817D /* Debug */ = {
			isa = XCBuildConfiguration;
			buildSettings = {
				GCC_PRECOMPILE_PREFIX_HEADER = YES;
				GCC_PREFIX_HEADER = "Photomo1/Photomo1-Prefix.pch";
				INFOPLIST_FILE = "Photomo1/Photomo1-Info.plist";
				PRODUCT_NAME = "$(TARGET_NAME)";
				WRAPPER_EXTENSION = app;
			};
			name = Debug;
		};
		A1F7148D15EF465E0096817D /* Release */ = {
			isa = XCBuildConfiguration;
			buildSettings = {
				GCC_PRECOMPILE_PREFIX_HEADER = YES;
				GCC_PREFIX_HEADER = "Photomo1/Photomo1-Prefix.pch";
				INFOPLIST_FILE = "Photomo1/Photomo1-Info.plist";
				PRODUCT_NAME = "$(TARGET_NAME)";
				WRAPPER_EXTENSION = app;
			};
			name = Release;
		};
		A1F7148F15EF465E0096817D /* Debug */ = {
			isa = XCBuildConfiguration;
			buildSettings = {
				BUNDLE_LOADER = "$(BUILT_PRODUCTS_DIR)/Photomo1.app/Photomo1";
				FRAMEWORK_SEARCH_PATHS = (
					"\"$(SDKROOT)/Developer/Library/Frameworks\"",
					"\"$(DEVELOPER_LIBRARY_DIR)/Frameworks\"",
				);
				GCC_PRECOMPILE_PREFIX_HEADER = YES;
				GCC_PREFIX_HEADER = "Photomo1/Photomo1-Prefix.pch";
				INFOPLIST_FILE = "Photomo1Tests/Photomo1Tests-Info.plist";
				PRODUCT_NAME = "$(TARGET_NAME)";
				TEST_HOST = "$(BUNDLE_LOADER)";
				WRAPPER_EXTENSION = octest;
			};
			name = Debug;
		};
		A1F7149015EF465E0096817D /* Release */ = {
			isa = XCBuildConfiguration;
			buildSettings = {
				BUNDLE_LOADER = "$(BUILT_PRODUCTS_DIR)/Photomo1.app/Photomo1";
				FRAMEWORK_SEARCH_PATHS = (
					"\"$(SDKROOT)/Developer/Library/Frameworks\"",
					"\"$(DEVELOPER_LIBRARY_DIR)/Frameworks\"",
				);
				GCC_PRECOMPILE_PREFIX_HEADER = YES;
				GCC_PREFIX_HEADER = "Photomo1/Photomo1-Prefix.pch";
				INFOPLIST_FILE = "Photomo1Tests/Photomo1Tests-Info.plist";
				PRODUCT_NAME = "$(TARGET_NAME)";
				TEST_HOST = "$(BUNDLE_LOADER)";
				WRAPPER_EXTENSION = octest;
			};
			name = Release;
		};
/* End XCBuildConfiguration section */

/* Begin XCConfigurationList section */
		A1F7145215EF46580096817D /* Build configuration list for PBXProject "Photomo1" */ = {
			isa = XCConfigurationList;
			buildConfigurations = (
				A1F7148915EF465E0096817D /* Debug */,
				A1F7148A15EF465E0096817D /* Release */,
			);
			defaultConfigurationIsVisible = 0;
			defaultConfigurationName = Release;
		};
		A1F7148B15EF465E0096817D /* Build configuration list for PBXNativeTarget "Photomo1" */ = {
			isa = XCConfigurationList;
			buildConfigurations = (
				A1F7148C15EF465E0096817D /* Debug */,
				A1F7148D15EF465E0096817D /* Release */,
			);
			defaultConfigurationIsVisible = 0;
		};
		A1F7148E15EF465E0096817D /* Build configuration list for PBXNativeTarget "Photomo1Tests" */ = {
			isa = XCConfigurationList;
			buildConfigurations = (
				A1F7148F15EF465E0096817D /* Debug */,
				A1F7149015EF465E0096817D /* Release */,
			);
			defaultConfigurationIsVisible = 0;
		};
/* End XCConfigurationList section */
	};
	rootObject = A1F7144F15EF46580096817D /* Project object */;
}
